
Microsoft Visual Studio Solution File, Format Version 12.00
# Visual Studio Version 17
VisualStudioVersion = 17.0.32014.148
MinimumVisualStudioVersion = 10.0.40219.1
Project("{FAE04EC0-301F-11D3-BF4B-00C04F79EFBC}") = "LB7", "LB7.csproj", "{D9AD94FD-6993-4DB6-90F9-A5A0872E7368}"
EndProject
Global
	GlobalSection(SolutionConfigurationPlatforms) = preSolution
		Debug|Any CPU = Debug|Any CPU
		Release|Any CPU = Release|Any CPU
	EndGlobalSection
	GlobalSection(ProjectConfigurationPlatforms) = postSolution
		{D9AD94FD-6993-4DB6-90F9-A5A0872E7368}.Debug|Any CPU.ActiveCfg = Debug|Any CPU
		{D9AD94FD-6993-4DB6-90F9-A5A0872E7368}.Debug|Any CPU.Build.0 = Debug|Any CPU
		{D9AD94FD-6993-4DB6-90F9-A5A0872E7368}.Release|Any CPU.ActiveCfg = Release|Any CPU
		{D9AD94FD-6993-4DB6-90F9-A5A0872E7368}.Release|Any CPU.Build.0 = Release|Any CPU
	EndGlobalSection
	GlobalSection(SolutionProperties) = preSolution
		HideSolutionNode = FALSE
	EndGlobalSection
	GlobalSection(ExtensibilityGlobals) = postSolution
		SolutionGuid = {8191A7DC-B9AC-462F-9459-F020808A6B66}
	EndGlobalSection
EndGlobal
